
Microsoft Visual Studio Solution File, Format Version 12.00
# Visual Studio Version 17
VisualStudioVersion = 17.8.34408.163
MinimumVisualStudioVersion = 10.0.40219.1
Project("{FAE04EC0-301F-11D3-BF4B-00C04F79EFBC}") = "PlayMagicalDuel", "PlayMagicalDuel\PlayMagicalDuel.csproj", "{57C32B1D-E87F-4B40-807C-98362FBE74C6}"
EndProject
Global
	GlobalSection(SolutionConfigurationPlatforms) = preSolution
		Debug|Any CPU = Debug|Any CPU
		Release|Any CPU = Release|Any CPU
	EndGlobalSection
	GlobalSection(ProjectConfigurationPlatforms) = postSolution
		{57C32B1D-E87F-4B40-807C-98362FBE74C6}.Debug|Any CPU.ActiveCfg = Debug|Any CPU
		{57C32B1D-E87F-4B40-807C-98362FBE74C6}.Debug|Any CPU.Build.0 = Debug|Any CPU
		{57C32B1D-E87F-4B40-807C-98362FBE74C6}.Release|Any CPU.ActiveCfg = Release|Any CPU
		{57C32B1D-E87F-4B40-807C-98362FBE74C6}.Release|Any CPU.Build.0 = Release|Any CPU
	EndGlobalSection
	GlobalSection(SolutionProperties) = preSolution
		HideSolutionNode = FALSE
	EndGlobalSection
	GlobalSection(ExtensibilityGlobals) = postSolution
		SolutionGuid = {1DF9C0AF-EFB7-4340-91FB-CBB67FA466F5}
	EndGlobalSection
EndGlobal
