
Microsoft Visual Studio Solution File, Format Version 12.00
# Visual Studio Version 17
VisualStudioVersion = 17.8.34408.163
MinimumVisualStudioVersion = 10.0.40219.1
Project("{FAE04EC0-301F-11D3-BF4B-00C04F79EFBC}") = "OceanNavigation", "OceanNavigation\OceanNavigation.csproj", "{B57E145D-3D00-4BC8-8962-D0A9B5C6961F}"
EndProject
Global
	GlobalSection(SolutionConfigurationPlatforms) = preSolution
		Debug|Any CPU = Debug|Any CPU
		Release|Any CPU = Release|Any CPU
	EndGlobalSection
	GlobalSection(ProjectConfigurationPlatforms) = postSolution
		{B57E145D-3D00-4BC8-8962-D0A9B5C6961F}.Debug|Any CPU.ActiveCfg = Debug|Any CPU
		{B57E145D-3D00-4BC8-8962-D0A9B5C6961F}.Debug|Any CPU.Build.0 = Debug|Any CPU
		{B57E145D-3D00-4BC8-8962-D0A9B5C6961F}.Release|Any CPU.ActiveCfg = Release|Any CPU
		{B57E145D-3D00-4BC8-8962-D0A9B5C6961F}.Release|Any CPU.Build.0 = Release|Any CPU
	EndGlobalSection
	GlobalSection(SolutionProperties) = preSolution
		HideSolutionNode = FALSE
	EndGlobalSection
	GlobalSection(ExtensibilityGlobals) = postSolution
		SolutionGuid = {2F9CBC4F-73F1-4CCC-AF94-47D9A5826275}
	EndGlobalSection
EndGlobal
